// !$*UTF8*$!
{
	archiveVersion = 1;
	classes = {
	};
	objectVersion = 50;
	objects = {

/* Begin PBXBuildFile section */
		7737633822209B63002FFA64 /* AppDelegate.swift in Sources */ = {isa = PBXBuildFile; fileRef = 7737633722209B63002FFA64 /* AppDelegate.swift */; };
		7737633A22209B63002FFA64 /* ViewController.swift in Sources */ = {isa = PBXBuildFile; fileRef = 7737633922209B63002FFA64 /* ViewController.swift */; };
		7737633D22209B63002FFA64 /* Main.storyboard in Resources */ = {isa = PBXBuildFile; fileRef = 7737633B22209B63002FFA64 /* Main.storyboard */; };
		7737633F22209B63002FFA64 /* Assets.xcassets in Resources */ = {isa = PBXBuildFile; fileRef = 7737633E22209B63002FFA64 /* Assets.xcassets */; };
		7737634222209B63002FFA64 /* LaunchScreen.storyboard in Resources */ = {isa = PBXBuildFile; fileRef = 7737634022209B63002FFA64 /* LaunchScreen.storyboard */; };
		7737634C22209DC0002FFA64 /* LocationManager.swift in Sources */ = {isa = PBXBuildFile; fileRef = 7737634B22209DC0002FFA64 /* LocationManager.swift */; };
		7760021D241F11EB0003018F /* libhide_and_seek.a in Frameworks */ = {isa = PBXBuildFile; fileRef = 7760021C241F11D50003018F /* libhide_and_seek.a */; };
		7760021F241F12620003018F /* HideAndSeekCore.swift in Sources */ = {isa = PBXBuildFile; fileRef = 7760021E241F12620003018F /* HideAndSeekCore.swift */; };
		77AA2A23222244740048CA3D /* FileWriter.swift in Sources */ = {isa = PBXBuildFile; fileRef = 77AA2A22222244740048CA3D /* FileWriter.swift */; };
		77AA2A2622226B6D0048CA3D /* Trip.swift in Sources */ = {isa = PBXBuildFile; fileRef = 77AA2A2522226B6D0048CA3D /* Trip.swift */; };
		77AA2A2822226B810048CA3D /* Location.swift in Sources */ = {isa = PBXBuildFile; fileRef = 77AA2A2722226B810048CA3D /* Location.swift */; };
/* End PBXBuildFile section */

/* Begin PBXFileReference section */
		7737633422209B63002FFA64 /* hide and seek.app */ = {isa = PBXFileReference; explicitFileType = wrapper.application; includeInIndex = 0; path = "hide and seek.app"; sourceTree = BUILT_PRODUCTS_DIR; };
		7737633722209B63002FFA64 /* AppDelegate.swift */ = {isa = PBXFileReference; lastKnownFileType = sourcecode.swift; path = AppDelegate.swift; sourceTree = "<group>"; };
		7737633922209B63002FFA64 /* ViewController.swift */ = {isa = PBXFileReference; lastKnownFileType = sourcecode.swift; path = ViewController.swift; sourceTree = "<group>"; };
		7737633C22209B63002FFA64 /* Base */ = {isa = PBXFileReference; lastKnownFileType = file.storyboard; name = Base; path = Base.lproj/Main.storyboard; sourceTree = "<group>"; };
		7737633E22209B63002FFA64 /* Assets.xcassets */ = {isa = PBXFileReference; lastKnownFileType = folder.assetcatalog; path = Assets.xcassets; sourceTree = "<group>"; };
		7737634122209B63002FFA64 /* Base */ = {isa = PBXFileReference; lastKnownFileType = file.storyboard; name = Base; path = Base.lproj/LaunchScreen.storyboard; sourceTree = "<group>"; };
		7737634322209B63002FFA64 /* Info.plist */ = {isa = PBXFileReference; lastKnownFileType = text.plist.xml; path = Info.plist; sourceTree = "<group>"; };
		7737634B22209DC0002FFA64 /* LocationManager.swift */ = {isa = PBXFileReference; lastKnownFileType = sourcecode.swift; path = LocationManager.swift; sourceTree = "<group>"; };
		7760021C241F11D50003018F /* libhide_and_seek.a */ = {isa = PBXFileReference; lastKnownFileType = archive.ar; name = libhide_and_seek.a; path = libs/libhide_and_seek.a; sourceTree = "<group>"; };
		7760021E241F12620003018F /* HideAndSeekCore.swift */ = {isa = PBXFileReference; lastKnownFileType = sourcecode.swift; path = HideAndSeekCore.swift; sourceTree = "<group>"; };
		77AA2A22222244740048CA3D /* FileWriter.swift */ = {isa = PBXFileReference; lastKnownFileType = sourcecode.swift; path = FileWriter.swift; sourceTree = "<group>"; };
		77AA2A2522226B6D0048CA3D /* Trip.swift */ = {isa = PBXFileReference; lastKnownFileType = sourcecode.swift; path = Trip.swift; sourceTree = "<group>"; };
		77AA2A2722226B810048CA3D /* Location.swift */ = {isa = PBXFileReference; lastKnownFileType = sourcecode.swift; path = Location.swift; sourceTree = "<group>"; };
/* End PBXFileReference section */

/* Begin PBXFrameworksBuildPhase section */
		7737633122209B63002FFA64 /* Frameworks */ = {
			isa = PBXFrameworksBuildPhase;
			buildActionMask = 2147483647;
			files = (
				7760021D241F11EB0003018F /* libhide_and_seek.a in Frameworks */,
			);
			runOnlyForDeploymentPostprocessing = 0;
		};
/* End PBXFrameworksBuildPhase section */

/* Begin PBXGroup section */
		7737632B22209B63002FFA64 = {
			isa = PBXGroup;
			children = (
				7737633622209B63002FFA64 /* hide and seek */,
				7737633522209B63002FFA64 /* Products */,
				7760021B241F11D50003018F /* Frameworks */,
			);
			sourceTree = "<group>";
		};
		7737633522209B63002FFA64 /* Products */ = {
			isa = PBXGroup;
			children = (
				7737633422209B63002FFA64 /* hide and seek.app */,
			);
			name = Products;
			sourceTree = "<group>";
		};
		7737633622209B63002FFA64 /* hide and seek */ = {
			isa = PBXGroup;
			children = (
				77AA2A2422226B5E0048CA3D /* Models */,
				7737633722209B63002FFA64 /* AppDelegate.swift */,
				7737633922209B63002FFA64 /* ViewController.swift */,
				7737633B22209B63002FFA64 /* Main.storyboard */,
				7737633E22209B63002FFA64 /* Assets.xcassets */,
				7737634022209B63002FFA64 /* LaunchScreen.storyboard */,
				7737634322209B63002FFA64 /* Info.plist */,
				7737634B22209DC0002FFA64 /* LocationManager.swift */,
				77AA2A22222244740048CA3D /* FileWriter.swift */,
				7760021E241F12620003018F /* HideAndSeekCore.swift */,
			);
			path = "hide and seek";
			sourceTree = "<group>";
		};
		7760021B241F11D50003018F /* Frameworks */ = {
			isa = PBXGroup;
			children = (
				7760021C241F11D50003018F /* libhide_and_seek.a */,
			);
			name = Frameworks;
			sourceTree = "<group>";
		};
		77AA2A2422226B5E0048CA3D /* Models */ = {
			isa = PBXGroup;
			children = (
				77AA2A2522226B6D0048CA3D /* Trip.swift */,
				77AA2A2722226B810048CA3D /* Location.swift */,
			);
			path = Models;
			sourceTree = "<group>";
		};
/* End PBXGroup section */

/* Begin PBXNativeTarget section */
		7737633322209B63002FFA64 /* hide and seek */ = {
			isa = PBXNativeTarget;
			buildConfigurationList = 7737634622209B63002FFA64 /* Build configuration list for PBXNativeTarget "hide and seek" */;
			buildPhases = (
				7737633022209B63002FFA64 /* Sources */,
				7737633122209B63002FFA64 /* Frameworks */,
				7737633222209B63002FFA64 /* Resources */,
			);
			buildRules = (
			);
			dependencies = (
			);
			name = "hide and seek";
			productName = HackBikeApp;
			productReference = 7737633422209B63002FFA64 /* hide and seek.app */;
			productType = "com.apple.product-type.application";
		};
/* End PBXNativeTarget section */

/* Begin PBXProject section */
		7737632C22209B63002FFA64 /* Project object */ = {
			isa = PBXProject;
			attributes = {
				LastSwiftUpdateCheck = 0930;
				LastUpgradeCheck = 0930;
				ORGANIZATIONNAME = "Yasushi Sakai";
				TargetAttributes = {
					7737633322209B63002FFA64 = {
						CreatedOnToolsVersion = 9.3;
						LastSwiftMigration = 1130;
					};
				};
			};
			buildConfigurationList = 7737632F22209B63002FFA64 /* Build configuration list for PBXProject "hide and seek" */;
			compatibilityVersion = "Xcode 9.3";
			developmentRegion = en;
			hasScannedForEncodings = 0;
			knownRegions = (
				en,
				Base,
			);
			mainGroup = 7737632B22209B63002FFA64;
			productRefGroup = 7737633522209B63002FFA64 /* Products */;
			projectDirPath = "";
			projectRoot = "";
			targets = (
				7737633322209B63002FFA64 /* hide and seek */,
			);
		};
/* End PBXProject section */

/* Begin PBXResourcesBuildPhase section */
		7737633222209B63002FFA64 /* Resources */ = {
			isa = PBXResourcesBuildPhase;
			buildActionMask = 2147483647;
			files = (
				7737634222209B63002FFA64 /* LaunchScreen.storyboard in Resources */,
				7737633F22209B63002FFA64 /* Assets.xcassets in Resources */,
				7737633D22209B63002FFA64 /* Main.storyboard in Resources */,
			);
			runOnlyForDeploymentPostprocessing = 0;
		};
/* End PBXResourcesBuildPhase section */

/* Begin PBXSourcesBuildPhase section */
		7737633022209B63002FFA64 /* Sources */ = {
			isa = PBXSourcesBuildPhase;
			buildActionMask = 2147483647;
			files = (
				77AA2A2622226B6D0048CA3D /* Trip.swift in Sources */,
				77AA2A23222244740048CA3D /* FileWriter.swift in Sources */,
				7737633A22209B63002FFA64 /* ViewController.swift in Sources */,
				7737633822209B63002FFA64 /* AppDelegate.swift in Sources */,
				77AA2A2822226B810048CA3D /* Location.swift in Sources */,
				7760021F241F12620003018F /* HideAndSeekCore.swift in Sources */,
				7737634C22209DC0002FFA64 /* LocationManager.swift in Sources */,
			);
			runOnlyForDeploymentPostprocessing = 0;
		};
/* End PBXSourcesBuildPhase section */

/* Begin PBXVariantGroup section */
		7737633B22209B63002FFA64 /* Main.storyboard */ = {
			isa = PBXVariantGroup;
			children = (
				7737633C22209B63002FFA64 /* Base */,
			);
			name = Main.storyboard;
			sourceTree = "<group>";
		};
		7737634022209B63002FFA64 /* LaunchScreen.storyboard */ = {
			isa = PBXVariantGroup;
			children = (
				7737634122209B63002FFA64 /* Base */,
			);
			name = LaunchScreen.storyboard;
			sourceTree = "<group>";
		};
/* End PBXVariantGroup section */

/* Begin XCBuildConfiguration section */
		7737634422209B63002FFA64 /* Debug */ = {
			isa = XCBuildConfiguration;
			buildSettings = {
				ALWAYS_SEARCH_USER_PATHS = NO;
				CLANG_ANALYZER_NONNULL = YES;
				CLANG_ANALYZER_NUMBER_OBJECT_CONVERSION = YES_AGGRESSIVE;
				CLANG_CXX_LANGUAGE_STANDARD = "gnu++14";
				CLANG_CXX_LIBRARY = "libc++";
				CLANG_ENABLE_MODULES = YES;
				CLANG_ENABLE_OBJC_ARC = YES;
				CLANG_ENABLE_OBJC_WEAK = YES;
				CLANG_WARN_BLOCK_CAPTURE_AUTORELEASING = YES;
				CLANG_WARN_BOOL_CONVERSION = YES;
				CLANG_WARN_COMMA = YES;
				CLANG_WARN_CONSTANT_CONVERSION = YES;
				CLANG_WARN_DEPRECATED_OBJC_IMPLEMENTATIONS = YES;
				CLANG_WARN_DIRECT_OBJC_ISA_USAGE = YES_ERROR;
				CLANG_WARN_DOCUMENTATION_COMMENTS = YES;
				CLANG_WARN_EMPTY_BODY = YES;
				CLANG_WARN_ENUM_CONVERSION = YES;
				CLANG_WARN_INFINITE_RECURSION = YES;
				CLANG_WARN_INT_CONVERSION = YES;
				CLANG_WARN_NON_LITERAL_NULL_CONVERSION = YES;
				CLANG_WARN_OBJC_IMPLICIT_RETAIN_SELF = YES;
				CLANG_WARN_OBJC_LITERAL_CONVERSION = YES;
				CLANG_WARN_OBJC_ROOT_CLASS = YES_ERROR;
				CLANG_WARN_RANGE_LOOP_ANALYSIS = YES;
				CLANG_WARN_STRICT_PROTOTYPES = YES;
				CLANG_WARN_SUSPICIOUS_MOVE = YES;
				CLANG_WARN_UNGUARDED_AVAILABILITY = YES_AGGRESSIVE;
				CLANG_WARN_UNREACHABLE_CODE = YES;
				CLANG_WARN__DUPLICATE_METHOD_MATCH = YES;
				CODE_SIGN_IDENTITY = "iPhone Developer";
				COPY_PHASE_STRIP = NO;
				DEBUG_INFORMATION_FORMAT = dwarf;
				ENABLE_STRICT_OBJC_MSGSEND = YES;
				ENABLE_TESTABILITY = YES;
				GCC_C_LANGUAGE_STANDARD = gnu11;
				GCC_DYNAMIC_NO_PIC = NO;
				GCC_NO_COMMON_BLOCKS = YES;
				GCC_OPTIMIZATION_LEVEL = 0;
				GCC_PREPROCESSOR_DEFINITIONS = (
					"DEBUG=1",
					"$(inherited)",
				);
				GCC_WARN_64_TO_32_BIT_CONVERSION = YES;
				GCC_WARN_ABOUT_RETURN_TYPE = YES_ERROR;
				GCC_WARN_UNDECLARED_SELECTOR = YES;
				GCC_WARN_UNINITIALIZED_AUTOS = YES_AGGRESSIVE;
				GCC_WARN_UNUSED_FUNCTION = YES;
				GCC_WARN_UNUSED_VARIABLE = YES;
				IPHONEOS_DEPLOYMENT_TARGET = 11.3;
				MTL_ENABLE_DEBUG_INFO = YES;
				ONLY_ACTIVE_ARCH = YES;
				SDKROOT = iphoneos;
				SWIFT_ACTIVE_COMPILATION_CONDITIONS = DEBUG;
				SWIFT_OPTIMIZATION_LEVEL = "-Onone";
			};
			name = Debug;
		};
		7737634522209B63002FFA64 /* Release */ = {
			isa = XCBuildConfiguration;
			buildSettings = {
				ALWAYS_SEARCH_USER_PATHS = NO;
				CLANG_ANALYZER_NONNULL = YES;
				CLANG_ANALYZER_NUMBER_OBJECT_CONVERSION = YES_AGGRESSIVE;
				CLANG_CXX_LANGUAGE_STANDARD = "gnu++14";
				CLANG_CXX_LIBRARY = "libc++";
				CLANG_ENABLE_MODULES = YES;
				CLANG_ENABLE_OBJC_ARC = YES;
				CLANG_ENABLE_OBJC_WEAK = YES;
				CLANG_WARN_BLOCK_CAPTURE_AUTORELEASING = YES;
				CLANG_WARN_BOOL_CONVERSION = YES;
				CLANG_WARN_COMMA = YES;
				CLANG_WARN_CONSTANT_CONVERSION = YES;
				CLANG_WARN_DEPRECATED_OBJC_IMPLEMENTATIONS = YES;
				CLANG_WARN_DIRECT_OBJC_ISA_USAGE = YES_ERROR;
				CLANG_WARN_DOCUMENTATION_COMMENTS = YES;
				CLANG_WARN_EMPTY_BODY = YES;
				CLANG_WARN_ENUM_CONVERSION = YES;
				CLANG_WARN_INFINITE_RECURSION = YES;
				CLANG_WARN_INT_CONVERSION = YES;
				CLANG_WARN_NON_LITERAL_NULL_CONVERSION = YES;
				CLANG_WARN_OBJC_IMPLICIT_RETAIN_SELF = YES;
				CLANG_WARN_OBJC_LITERAL_CONVERSION = YES;
				CLANG_WARN_OBJC_ROOT_CLASS = YES_ERROR;
				CLANG_WARN_RANGE_LOOP_ANALYSIS = YES;
				CLANG_WARN_STRICT_PROTOTYPES = YES;
				CLANG_WARN_SUSPICIOUS_MOVE = YES;
				CLANG_WARN_UNGUARDED_AVAILABILITY = YES_AGGRESSIVE;
				CLANG_WARN_UNREACHABLE_CODE = YES;
				CLANG_WARN__DUPLICATE_METHOD_MATCH = YES;
				CODE_SIGN_IDENTITY = "iPhone Developer";
				COPY_PHASE_STRIP = NO;
				DEBUG_INFORMATION_FORMAT = "dwarf-with-dsym";
				ENABLE_NS_ASSERTIONS = NO;
				ENABLE_STRICT_OBJC_MSGSEND = YES;
				GCC_C_LANGUAGE_STANDARD = gnu11;
				GCC_NO_COMMON_BLOCKS = YES;
				GCC_WARN_64_TO_32_BIT_CONVERSION = YES;
				GCC_WARN_ABOUT_RETURN_TYPE = YES_ERROR;
				GCC_WARN_UNDECLARED_SELECTOR = YES;
				GCC_WARN_UNINITIALIZED_AUTOS = YES_AGGRESSIVE;
				GCC_WARN_UNUSED_FUNCTION = YES;
				GCC_WARN_UNUSED_VARIABLE = YES;
				IPHONEOS_DEPLOYMENT_TARGET = 11.3;
				MTL_ENABLE_DEBUG_INFO = NO;
				SDKROOT = iphoneos;
				SWIFT_COMPILATION_MODE = wholemodule;
				SWIFT_OPTIMIZATION_LEVEL = "-O";
				VALIDATE_PRODUCT = YES;
			};
			name = Release;
		};
		7737634722209B63002FFA64 /* Debug */ = {
			isa = XCBuildConfiguration;
			buildSettings = {
				ASSETCATALOG_COMPILER_APPICON_NAME = AppIcon;
				CODE_SIGN_STYLE = Automatic;
				DEVELOPMENT_TEAM = WBGGT8PD5V;
				HEADER_SEARCH_PATHS = "$(PROJECT_DIR)/include";
				INFOPLIST_FILE = "hide and seek/Info.plist";
				LD_RUNPATH_SEARCH_PATHS = (
					"$(inherited)",
					"@executable_path/Frameworks",
				);
				LIBRARY_SEARCH_PATHS = (
					"$(inherited)",
					"$(PROJECT_DIR)/libs",
				);
				PRODUCT_BUNDLE_IDENTIFIER = "com.yasushisakai.hide-and-seek";
				PRODUCT_NAME = "hide and seek";
				SWIFT_OBJC_BRIDGING_HEADER = include/hide_and_seek.h;
				SWIFT_VERSION = 5.0;
				TARGETED_DEVICE_FAMILY = "1,2";
			};
			name = Debug;
		};
		7737634822209B63002FFA64 /* Release */ = {
			isa = XCBuildConfiguration;
			buildSettings = {
				ASSETCATALOG_COMPILER_APPICON_NAME = AppIcon;
				CODE_SIGN_STYLE = Automatic;
				DEVELOPMENT_TEAM = WBGGT8PD5V;
				HEADER_SEARCH_PATHS = "$(PROJECT_DIR)/include";
				INFOPLIST_FILE = "hide and seek/Info.plist";
				LD_RUNPATH_SEARCH_PATHS = (
					"$(inherited)",
					"@executable_path/Frameworks",
				);
				LIBRARY_SEARCH_PATHS = (
					"$(inherited)",
					"$(PROJECT_DIR)/libs",
				);
				PRODUCT_BUNDLE_IDENTIFIER = "com.yasushisakai.hide-and-seek";
				PRODUCT_NAME = "hide and seek";
				SWIFT_OBJC_BRIDGING_HEADER = include/hide_and_seek.h;
				SWIFT_VERSION = 5.0;
				TARGETED_DEVICE_FAMILY = "1,2";
			};
			name = Release;
		};
/* End XCBuildConfiguration section */

/* Begin XCConfigurationList section */
		7737632F22209B63002FFA64 /* Build configuration list for PBXProject "hide and seek" */ = {
			isa = XCConfigurationList;
			buildConfigurations = (
				7737634422209B63002FFA64 /* Debug */,
				7737634522209B63002FFA64 /* Release */,
			);
			defaultConfigurationIsVisible = 0;
			defaultConfigurationName = Release;
		};
		7737634622209B63002FFA64 /* Build configuration list for PBXNativeTarget "hide and seek" */ = {
			isa = XCConfigurationList;
			buildConfigurations = (
				7737634722209B63002FFA64 /* Debug */,
				7737634822209B63002FFA64 /* Release */,
			);
			defaultConfigurationIsVisible = 0;
			defaultConfigurationName = Release;
		};
/* End XCConfigurationList section */
	};
	rootObject = 7737632C22209B63002FFA64 /* Project object */;
}
